{
  "requires": true,
  "lockfileVersion": 1,
  "dependencies": {
    "slugify": {
      "version": "1.6.1",
      "resolved": "https://registry.npmjs.org/slugify/-/slugify-1.6.1.tgz",
      "integrity": "sha512-5ofqMTbetNhxlzjYYLBaZFQd6oiTuSkQlyfPEFIMwgUABlZQ0hbk5xIV9Ydd5jghWeRoO7GkiJliUvTpLOjNRA=="
    }
  }
}
